<?xml version="1.0" encoding="utf-8"?>
<Project ToolsVersion="4.0" xmlns="http://schemas.microsoft.com/developer/msbuild/2003">
  <ItemGroup>
    <Filter Include="98.Default">
      <UniqueIdentifier>{c8fc70c9-4562-44c8-adee-b81493838b19}</UniqueIdentifier>
    </Filter>
    <Filter Include="99.Defines">
      <UniqueIdentifier>{256bc7ed-2d60-4917-8de6-df2f9e1003c8}</UniqueIdentifier>
    </Filter>
    <Filter Include="00.MainApp">
      <UniqueIdentifier>{2cfdbdba-d09d-4d9f-9f66-5e12443d9a69}</UniqueIdentifier>
    </Filter>
    <Filter Include="01.Levels">
      <UniqueIdentifier>{ccdf561b-f7b0-49d5-a8ae-5f83b27eb9d0}</UniqueIdentifier>
    </Filter>
    <Filter Include="01.Levels\00.Logo">
      <UniqueIdentifier>{8c8088f3-2d4d-4a84-b750-2f95237c0cd4}</UniqueIdentifier>
    </Filter>
    <Filter Include="01.Levels\01.GamePlay">
      <UniqueIdentifier>{5d3cbd83-1b7f-4854-902e-19363eebda3a}</UniqueIdentifier>
    </Filter>
    <Filter Include="01.Levels\99.Loading">
      <UniqueIdentifier>{c592615f-8e52-4bcb-8aa4-531b29f548fd}</UniqueIdentifier>
    </Filter>
    <Filter Include="97.ShaderFiles">
      <UniqueIdentifier>{792b3730-7c78-44ca-969f-540628b64c22}</UniqueIdentifier>
    </Filter>
    <Filter Include="01.Levels\02.Tool">
      <UniqueIdentifier>{ee7454c4-3db4-4d49-88f2-61b448176ddc}</UniqueIdentifier>
    </Filter>
    <Filter Include="01.Levels\02.Tool\Imgui">
      <UniqueIdentifier>{01366b00-7eab-495a-9ebd-61cf6069e168}</UniqueIdentifier>
    </Filter>
    <Filter Include="01.Levels\02.Tool\Imgui\Manager">
      <UniqueIdentifier>{a8d37e80-ffc2-4bd9-b0b6-160fb0e8899e}</UniqueIdentifier>
    </Filter>
    <Filter Include="01.Levels\02.Tool\Imgui\Default">
      <UniqueIdentifier>{8a64ba68-3989-4545-b4c9-10ff2da66c95}</UniqueIdentifier>
    </Filter>
    <Filter Include="01.Levels\02.Tool\Imgui\Windows">
      <UniqueIdentifier>{fbc2a996-4d09-4fa5-a2fc-fa6f85483cc6}</UniqueIdentifier>
    </Filter>
    <Filter Include="01.Levels\02.Tool\Imgui\Windows\MapToolWindow">
      <UniqueIdentifier>{f8398acc-9828-4192-a11c-95f7c96e1b69}</UniqueIdentifier>
    </Filter>
    <Filter Include="01.Levels\98. Loader">
      <UniqueIdentifier>{e392c2b5-5a93-41cd-9971-3527a5924eae}</UniqueIdentifier>
    </Filter>
    <Filter Include="98.Default\Useless">
      <UniqueIdentifier>{7231f56e-ab16-4718-abe1-6a7faacad022}</UniqueIdentifier>
    </Filter>
    <Filter Include="01.Levels\02.Tool\Imgui\Windows\AnimationWindow">
      <UniqueIdentifier>{93c14849-04a0-4a35-8b7a-f56b741dc0d1}</UniqueIdentifier>
    </Filter>
    <Filter Include="01.Levels\02.Tool\Imgui\ImGuiFileDialog">
      <UniqueIdentifier>{0cded70d-6ebd-4df6-b312-4e2c3ec5b147}</UniqueIdentifier>
    </Filter>
    <Filter Include="01.Levels\02.Tool\Imgui\Windows\AnimationWindow\PreviewAnimationModel">
      <UniqueIdentifier>{cf295498-c3ad-4328-b382-0d272f088d96}</UniqueIdentifier>
    </Filter>
    <Filter Include="01.Levels\02.Tool\Imgui\ImGuizmo">
      <UniqueIdentifier>{d8b27995-f49e-401e-b630-ad9c98fb076d}</UniqueIdentifier>
    </Filter>
    <Filter Include="02.GameObjects">
      <UniqueIdentifier>{f4ef5773-1c76-425c-b19e-509c54dbffe7}</UniqueIdentifier>
    </Filter>
    <Filter Include="02.GameObjects\BackGround">
      <UniqueIdentifier>{65412f73-5474-4ca5-9ebb-a4726e9a606b}</UniqueIdentifier>
    </Filter>
    <Filter Include="02.GameObjects\LandObject">
      <UniqueIdentifier>{694c3649-b74a-4e12-a102-bb33ff2f0dfb}</UniqueIdentifier>
    </Filter>
    <Filter Include="02.GameObjects\LandObject\Monster">
      <UniqueIdentifier>{42c7bae3-3233-4dac-a649-6cbfea5fbe20}</UniqueIdentifier>
    </Filter>
    <Filter Include="02.GameObjects\LandObject\ForkLift">
      <UniqueIdentifier>{e9847c59-db02-4e1b-b257-e6ea1f73a11b}</UniqueIdentifier>
    </Filter>
    <Filter Include="01.Levels\02.Tool">
      <UniqueIdentifier>{ee7454c4-3db4-4d49-88f2-61b448176ddc}</UniqueIdentifier>
    </Filter>
    <Filter Include="01.Levels\02.Tool\Imgui">
      <UniqueIdentifier>{01366b00-7eab-495a-9ebd-61cf6069e168}</UniqueIdentifier>
    </Filter>
    <Filter Include="02.GameObjects\99. Sky">
      <UniqueIdentifier>{a96d4144-0b55-405d-b9b8-32aba0a80903}</UniqueIdentifier>
    </Filter>
    <Filter Include="02.GameObjects\98. Terrain">
      <UniqueIdentifier>{d1e2e6da-e704-4c8a-8898-db7da37ba9fb}</UniqueIdentifier>
    </Filter>
    <Filter Include="02.GameObjects\97. Camera">
      <UniqueIdentifier>{32729c05-9f24-4c42-9fa5-8bce31410a97}</UniqueIdentifier>
    </Filter>
    <Filter Include="02.GameObjects\01. Interact">
      <UniqueIdentifier>{daed6591-e3f1-4e31-8a6a-3942dcf39622}</UniqueIdentifier>
    </Filter>
    <Filter Include="02.GameObjects\01. Interact\0. Chain">
      <UniqueIdentifier>{4640b070-669a-48d8-9c94-8bed528d2d18}</UniqueIdentifier>
    </Filter>
    <Filter Include="02.GameObjects\01. Interact\1. Door">
      <UniqueIdentifier>{86676779-540a-40d5-8ff0-93cb8fa83b7f}</UniqueIdentifier>
    </Filter>
    <Filter Include="02.GameObjects\00. Character">
      <UniqueIdentifier>{efbf965b-89e3-4770-bdc3-149dd60e9eff}</UniqueIdentifier>
    </Filter>
    <Filter Include="02.GameObjects\00. Character\Player">
      <UniqueIdentifier>{97222327-20cf-4288-8bbb-6e462cd6f70e}</UniqueIdentifier>
    </Filter>
    <Filter Include="02.GameObjects\00. Character\Player\Parts">
      <UniqueIdentifier>{ae34e24c-3eb8-48d2-bfcc-4b7bb3b177a3}</UniqueIdentifier>
    </Filter>
    <Filter Include="02.GameObjects\00. Character\Player\Parts\Body">
      <UniqueIdentifier>{5595c21d-9ee1-4b71-b378-db224a1126be}</UniqueIdentifier>
    </Filter>
    <Filter Include="02.GameObjects\00. Character\Player\Parts\Weapon">
      <UniqueIdentifier>{c86e87ea-e489-4cb1-9311-39d4046e5af6}</UniqueIdentifier>
    </Filter>
    <Filter Include="02.GameObjects\02. Environment">
      <UniqueIdentifier>{aa586dde-a612-4aab-bb4a-4551ed567bed}</UniqueIdentifier>
    </Filter>
    <Filter Include="02.GameObjects\02. Environment\Environment_Instance">
      <UniqueIdentifier>{07401b06-626f-4b88-ab5f-7765959b393a}</UniqueIdentifier>
    </Filter>
    <Filter Include="02.GameObjects\UI">
      <UniqueIdentifier>{3d23e05d-7dbf-442a-aca2-0054872a4f00}</UniqueIdentifier>
    </Filter>
    <Filter Include="02.GameObjects\UI\00. Player">
      <UniqueIdentifier>{024c41b2-74e5-498e-8ad3-22f7e6a0bde1}</UniqueIdentifier>
    </Filter>
    <Filter Include="02.GameObjects\UI\00. Player\00. Blood">
      <UniqueIdentifier>{e281a8b6-477d-49a8-9048-7c03c7e5e0de}</UniqueIdentifier>
    </Filter>
    <Filter Include="02.GameObjects\UI\00. Player\01. Hp">
      <UniqueIdentifier>{fc5b542d-a7bf-4b5e-a9ee-85c458609df1}</UniqueIdentifier>
    </Filter>
    <Filter Include="02.GameObjects\UI\00. Player\02. Info">
      <UniqueIdentifier>{d124210c-f729-4c2b-b76f-6cebbbb71024}</UniqueIdentifier>
    </Filter>
    <Filter Include="02.GameObjects\UI\00. Player\03. Skill">
      <UniqueIdentifier>{eed3b339-fea4-4170-a09e-fa3e4ce89df1}</UniqueIdentifier>
    </Filter>
    <Filter Include="02.GameObjects\UI\00. Player\04. Weapon">
      <UniqueIdentifier>{0a3fb696-2eff-44f2-81b1-1df525329490}</UniqueIdentifier>
    </Filter>
    <Filter Include="02.GameObjects\UI\01. Monster">
      <UniqueIdentifier>{4fbd45e8-23c6-4ff2-916d-b5b6ec906d8b}</UniqueIdentifier>
    </Filter>
    <Filter Include="02.GameObjects\UI\01. Monster\00. Hp">
      <UniqueIdentifier>{3b41fb5d-ce98-43f4-994c-a4bea97a9835}</UniqueIdentifier>
    </Filter>
    <Filter Include="02.GameObjects\UI\01. Monster\00. Hp\Frame">
      <UniqueIdentifier>{91ed537f-e3b8-4c30-8935-be704bc3fae7}</UniqueIdentifier>
    </Filter>
    <Filter Include="02.GameObjects\UI\01. Monster\00. Hp\Hp">
      <UniqueIdentifier>{2a53064d-85a2-40de-8d31-3beb6046cbf8}</UniqueIdentifier>
    </Filter>
    <Filter Include="02.GameObjects\UI\02. System">
      <UniqueIdentifier>{47c53a2b-c542-4b2a-b07b-817b6be951a8}</UniqueIdentifier>
    </Filter>
    <Filter Include="02.GameObjects\UI\02. System\00. Tip">
      <UniqueIdentifier>{019c2a9a-4108-440b-98d2-078b8ccff9ba}</UniqueIdentifier>
    </Filter>
    <Filter Include="02.GameObjects\UI\02. System\01. Quest">
      <UniqueIdentifier>{2bdea739-4478-4ba8-9ea1-536b2f8fe484}</UniqueIdentifier>
    </Filter>
    <Filter Include="02.GameObjects\UI\02. System\02. Obtain">
      <UniqueIdentifier>{c89fbdd3-1a4f-4c79-8b04-56dd8eb82098}</UniqueIdentifier>
    </Filter>
    <Filter Include="02.GameObjects\UI\99. Anything">
      <UniqueIdentifier>{2f1fe2e2-39d2-4a2b-9ddf-bebbdab26f5a}</UniqueIdentifier>
    </Filter>
    <Filter Include="02.GameObjects\03. Effect">
      <UniqueIdentifier>{98abb3f3-bf6e-4d3c-b89d-4797ad65c8bf}</UniqueIdentifier>
    </Filter>
    <Filter Include="02.GameObjects\03. Effect\01.Effect_Instance">
      <UniqueIdentifier>{df70ff5e-761f-4541-b7f2-d7d3a9ccdb1a}</UniqueIdentifier>
    </Filter>
    <Filter Include="02.GameObjects\03. Effect\99.Effect_Legacy">
      <UniqueIdentifier>{a29adc02-2415-4e21-ae36-0a362e4734ca}</UniqueIdentifier>
    </Filter>
    <Filter Include="02.GameObjects\03. Effect\99.Effect_Legacy\Explosion">
      <UniqueIdentifier>{da344bb2-a626-4909-8e5e-9ae05ab65ac4}</UniqueIdentifier>
    </Filter>
    <Filter Include="02.GameObjects\03. Effect\99.Effect_Legacy\Particles">
      <UniqueIdentifier>{67d20fb0-3907-42a3-afc0-045d8762990d}</UniqueIdentifier>
    </Filter>
    <Filter Include="02.GameObjects\03. Effect\99.Effect_Legacy\Particles\Blue">
      <UniqueIdentifier>{8ab587f7-e443-489a-bd03-15fed00ff9ac}</UniqueIdentifier>
    </Filter>
    <Filter Include="02.GameObjects\03. Effect\99.Effect_Legacy\Particles\Red">
      <UniqueIdentifier>{ef0faeb9-3544-4960-9a8e-1eb492bdb7eb}</UniqueIdentifier>
    </Filter>
    <Filter Include="02.GameObjects\03. Effect\02.Effect_Particle">
      <UniqueIdentifier>{7ab3690b-d252-42bf-9ce3-8e496797dcfb}</UniqueIdentifier>
    </Filter>
    <Filter Include="02.GameObjects\03. Effect\03.Effect_Mesh">
      <UniqueIdentifier>{647b9c85-d4cf-4062-afa7-0d2f0649f656}</UniqueIdentifier>
    </Filter>
    <Filter Include="02.GameObjects\03. Effect\04.Effect_Sprite">
      <UniqueIdentifier>{03bc8c0a-88ed-4b3d-b82f-b2cad26b7790}</UniqueIdentifier>
    </Filter>
    <Filter Include="02.GameObjects\03. Effect\05.Effect_Trail">
      <UniqueIdentifier>{d5149fec-40d6-45e2-8090-fdb3fb70342b}</UniqueIdentifier>
    </Filter>
    <Filter Include="01.Levels\02.Tool\Imgui\imNeoSequencer">
      <UniqueIdentifier>{d4963b0e-d3d7-46a2-a9b6-a3c7eb309514}</UniqueIdentifier>
    </Filter>
  </ItemGroup>
  <ItemGroup>
    <ClInclude Include="Client.h">
      <Filter>98.Default</Filter>
    </ClInclude>
    <ClInclude Include="..\Public\Client_Defines.h">
      <Filter>99.Defines</Filter>
    </ClInclude>
    <ClInclude Include="..\public\MainApp.h">
      <Filter>00.MainApp</Filter>
    </ClInclude>
    <ClInclude Include="..\public\Level_Logo.h">
      <Filter>01.Levels\00.Logo</Filter>
    </ClInclude>
    <ClInclude Include="..\Public\Level_GamePlay.h">
      <Filter>01.Levels\01.GamePlay</Filter>
    </ClInclude>
    <ClInclude Include="..\Public\Level_Loading.h">
      <Filter>01.Levels\99.Loading</Filter>
    </ClInclude>
    <ClInclude Include="..\public\BackGround.h">
      <Filter>02.GameObjects\BackGround</Filter>
    </ClInclude>
    <ClInclude Include="..\Public\Monster.h">
      <Filter>02.GameObjects\LandObject\Monster</Filter>
    </ClInclude>
    <ClInclude Include="..\Public\ForkLift.h">
      <Filter>02.GameObjects\LandObject\ForkLift</Filter>
    </ClInclude>
    <ClInclude Include="..\Public\Particle_Blue.h">
      <Filter>02.GameObjects\03. Effect\99.Effect_Legacy\Particles\Blue</Filter>
    </ClInclude>
    <ClInclude Include="..\Public\Particle_Red.h">
      <Filter>02.GameObjects\03. Effect\99.Effect_Legacy\Particles\Red</Filter>
    </ClInclude>
    <ClInclude Include="..\public\LandObject.h">
      <Filter>02.GameObjects\LandObject</Filter>
    </ClInclude>
    <ClInclude Include="..\Public\Effect_Explosion.h">
      <Filter>02.GameObjects\03. Effect\99.Effect_Legacy\Explosion</Filter>
    </ClInclude>
    <ClInclude Include="..\Public\Imgui_Manager.h">
      <Filter>01.Levels\02.Tool\Imgui\Manager</Filter>
    </ClInclude>
    <ClInclude Include="..\..\Reference\Imgui\imconfig.h">
      <Filter>01.Levels\02.Tool\Imgui\Default</Filter>
    </ClInclude>
    <ClInclude Include="..\..\Reference\Imgui\imgui.h">
      <Filter>01.Levels\02.Tool\Imgui\Default</Filter>
    </ClInclude>
    <ClInclude Include="..\..\Reference\Imgui\imgui_impl_dx11.h">
      <Filter>01.Levels\02.Tool\Imgui\Default</Filter>
    </ClInclude>
    <ClInclude Include="..\..\Reference\Imgui\imgui_impl_win32.h">
      <Filter>01.Levels\02.Tool\Imgui\Default</Filter>
    </ClInclude>
    <ClInclude Include="..\..\Reference\Imgui\imgui_internal.h">
      <Filter>01.Levels\02.Tool\Imgui\Default</Filter>
    </ClInclude>
    <ClInclude Include="..\..\Reference\Imgui\imstb_rectpack.h">
      <Filter>01.Levels\02.Tool\Imgui\Default</Filter>
    </ClInclude>
    <ClInclude Include="..\..\Reference\Imgui\imstb_textedit.h">
      <Filter>01.Levels\02.Tool\Imgui\Default</Filter>
    </ClInclude>
    <ClInclude Include="..\..\Reference\Imgui\imstb_truetype.h">
      <Filter>01.Levels\02.Tool\Imgui\Default</Filter>
    </ClInclude>
    <ClInclude Include="..\Public\Level_Tool.h">
      <Filter>01.Levels\02.Tool</Filter>
    </ClInclude>
    <ClInclude Include="..\public\Imgui_Window.h">
      <Filter>01.Levels\02.Tool\Imgui</Filter>
    </ClInclude>
    <ClInclude Include="..\Public\Window_MapTool.h">
      <Filter>01.Levels\02.Tool\Imgui\Windows\MapToolWindow</Filter>
    </ClInclude>
    <ClInclude Include="..\Public\Include_Imgui_Windows.h">
      <Filter>01.Levels\02.Tool\Imgui\Windows</Filter>
    </ClInclude>
    <ClInclude Include="Resource.h">
      <Filter>98.Default\Useless</Filter>
    </ClInclude>
    <ClInclude Include="stdafx.h">
      <Filter>98.Default\Useless</Filter>
    </ClInclude>
    <ClInclude Include="targetver.h">
      <Filter>98.Default\Useless</Filter>
    </ClInclude>
    <ClInclude Include="..\Public\Interact_Door.h">
      <Filter>02.GameObjects\01. Interact\1. Door</Filter>
    </ClInclude>
    <ClInclude Include="..\Public\Interact_Chain.h">
      <Filter>02.GameObjects\01. Interact\0. Chain</Filter>
    </ClInclude>
    <ClInclude Include="..\Public\Window_AnimTool.h">
      <Filter>01.Levels\02.Tool\Imgui\Windows\AnimationWindow</Filter>
    </ClInclude>
    <ClInclude Include="..\..\Reference\Imgui\ImGuiFileDialog\ImGuiFileDialog.h">
      <Filter>01.Levels\02.Tool\Imgui\ImGuiFileDialog</Filter>
    </ClInclude>
    <ClInclude Include="..\..\Reference\Imgui\ImGuiFileDialog\ImGuiFileDialogConfig.h">
      <Filter>01.Levels\02.Tool\Imgui\ImGuiFileDialog</Filter>
    </ClInclude>
    <ClInclude Include="..\Public\PreviewAnimationModel.h">
      <Filter>01.Levels\02.Tool\Imgui\Windows\AnimationWindow\PreviewAnimationModel</Filter>
    </ClInclude>
    <ClInclude Include="..\..\Reference\Imgui\ImGuizmo\ImGradient.h">
      <Filter>01.Levels\02.Tool\Imgui\ImGuizmo</Filter>
    </ClInclude>
    <ClInclude Include="..\..\Reference\Imgui\ImGuizmo\ImGuizmo.h">
      <Filter>01.Levels\02.Tool\Imgui\ImGuizmo</Filter>
    </ClInclude>
    <ClInclude Include="..\..\Reference\Imgui\ImGuizmo\ImSequencer.h">
      <Filter>01.Levels\02.Tool\Imgui\ImGuizmo</Filter>
    </ClInclude>
    <ClInclude Include="..\..\Reference\Imgui\ImGuizmo\ImZoomSlider.h">
      <Filter>01.Levels\02.Tool\Imgui\ImGuizmo</Filter>
    </ClInclude>
    <ClInclude Include="..\..\Reference\Imgui\ImGuizmo\GraphEditor.h">
      <Filter>01.Levels\02.Tool\Imgui\ImGuizmo</Filter>
    </ClInclude>
    <ClInclude Include="..\..\Reference\Imgui\ImGuizmo\ImCurveEdit.h">
      <Filter>01.Levels\02.Tool\Imgui\ImGuizmo</Filter>
    </ClInclude>
    <ClInclude Include="..\Public\CustomDialogFont.h">
      <Filter>99.Defines</Filter>
    </ClInclude>
    <ClInclude Include="..\Public\Environment_Object.h">
      <Filter>02.GameObjects\02. Environment</Filter>
    </ClInclude>
    <ClInclude Include="..\Public\Client_Enum.h">
      <Filter>99.Defines</Filter>
    </ClInclude>
    <ClInclude Include="..\Public\Environment_Instance.h">
      <Filter>02.GameObjects\02. Environment\Environment_Instance</Filter>
    </ClInclude>
    <ClInclude Include="..\Public\Particle_Custom.h">
      <Filter>02.GameObjects\03. Effect\02.Effect_Particle</Filter>
    </ClInclude>
    <ClInclude Include="..\Public\Effect_Instance.h">
      <Filter>02.GameObjects\03. Effect\01.Effect_Instance</Filter>
    </ClInclude>
    <ClInclude Include="..\Public\Body_Player.h">
      <Filter>02.GameObjects\00. Character\Player\Parts\Body</Filter>
    </ClInclude>
    <ClInclude Include="..\Public\Weapon_Player.h">
      <Filter>02.GameObjects\00. Character\Player\Parts\Weapon</Filter>
    </ClInclude>
    <ClInclude Include="..\Public\Sky.h">
      <Filter>02.GameObjects\99. Sky</Filter>
    </ClInclude>
    <ClInclude Include="..\Public\SkyDome.h">
      <Filter>02.GameObjects\99. Sky</Filter>
    </ClInclude>
    <ClInclude Include="..\Public\Player.h">
      <Filter>02.GameObjects\00. Character\Player</Filter>
    </ClInclude>
    <ClInclude Include="..\Public\Terrain.h">
      <Filter>02.GameObjects\98. Terrain</Filter>
    </ClInclude>
    <ClInclude Include="..\public\Loader.h">
      <Filter>01.Levels\98. Loader</Filter>
    </ClInclude>
    <ClInclude Include="..\public\Camera_Dynamic.h">
      <Filter>02.GameObjects\97. Camera</Filter>
    </ClInclude>
    <ClInclude Include="..\..\Reference\Imgui\imNeoSequencer\imgui_neo_internal.h">
      <Filter>01.Levels\02.Tool\Imgui\imNeoSequencer</Filter>
    </ClInclude>
    <ClInclude Include="..\..\Reference\Imgui\imNeoSequencer\imgui_neo_sequencer.h">
      <Filter>01.Levels\02.Tool\Imgui\imNeoSequencer</Filter>
    </ClInclude>
  </ItemGroup>
  <ItemGroup>
    <Filter Include="01.Levels\02.Tool\Imgui\Windows\EffectToolWindow">
      <UniqueIdentifier>{bdf9a6e6-179a-44e0-a993-be1ba828fec8}</UniqueIdentifier>
    </Filter>
    <Filter Include="01.Levels\02.Tool\Imgui\Windows\UIToolWindow">
      <UniqueIdentifier>{1a5b74d7-77b9-4acd-a158-0465913241ab}</UniqueIdentifier>
    </Filter>
  </ItemGroup>
  <ItemGroup>
    <ClInclude Include="Client.h">
      <Filter>98.Default</Filter>
    </ClInclude>
    <ClInclude Include="..\Public\Client_Defines.h">
      <Filter>99.Defines</Filter>
    </ClInclude>
    <ClInclude Include="..\public\MainApp.h">
      <Filter>00.MainApp</Filter>
    </ClInclude>
    <ClInclude Include="..\public\Level_Logo.h">
      <Filter>01.Levels\00.Logo</Filter>
    </ClInclude>
    <ClInclude Include="..\Public\Level_GamePlay.h">
      <Filter>01.Levels\01.GamePlay</Filter>
    </ClInclude>
    <ClInclude Include="..\Public\Level_Loading.h">
      <Filter>01.Levels\99.Loading</Filter>
    </ClInclude>
    <ClInclude Include="..\public\BackGround.h">
      <Filter>02.GameObjects\BackGround</Filter>
    </ClInclude>
    <ClInclude Include="..\Public\Monster.h">
      <Filter>02.GameObjects\LandObject\Monster</Filter>
    </ClInclude>
    <ClInclude Include="..\Public\ForkLift.h">
      <Filter>02.GameObjects\LandObject\ForkLift</Filter>
    </ClInclude>
    <ClInclude Include="..\public\LandObject.h">
      <Filter>02.GameObjects\LandObject</Filter>
    </ClInclude>
    <ClInclude Include="..\Public\Imgui_Manager.h">
      <Filter>01.Levels\02.Tool\Imgui\Manager</Filter>
    </ClInclude>
    <ClInclude Include="..\..\Reference\Imgui\imconfig.h">
      <Filter>01.Levels\02.Tool\Imgui\Default</Filter>
    </ClInclude>
    <ClInclude Include="..\..\Reference\Imgui\imgui.h">
      <Filter>01.Levels\02.Tool\Imgui\Default</Filter>
    </ClInclude>
    <ClInclude Include="..\..\Reference\Imgui\imgui_impl_dx11.h">
      <Filter>01.Levels\02.Tool\Imgui\Default</Filter>
    </ClInclude>
    <ClInclude Include="..\..\Reference\Imgui\imgui_impl_win32.h">
      <Filter>01.Levels\02.Tool\Imgui\Default</Filter>
    </ClInclude>
    <ClInclude Include="..\..\Reference\Imgui\imgui_internal.h">
      <Filter>01.Levels\02.Tool\Imgui\Default</Filter>
    </ClInclude>
    <ClInclude Include="..\..\Reference\Imgui\imstb_rectpack.h">
      <Filter>01.Levels\02.Tool\Imgui\Default</Filter>
    </ClInclude>
    <ClInclude Include="..\..\Reference\Imgui\imstb_textedit.h">
      <Filter>01.Levels\02.Tool\Imgui\Default</Filter>
    </ClInclude>
    <ClInclude Include="..\..\Reference\Imgui\imstb_truetype.h">
      <Filter>01.Levels\02.Tool\Imgui\Default</Filter>
    </ClInclude>
    <ClInclude Include="..\Public\Level_Tool.h">
      <Filter>01.Levels\02.Tool</Filter>
    </ClInclude>
    <ClInclude Include="..\public\Imgui_Window.h">
      <Filter>01.Levels\02.Tool\Imgui</Filter>
    </ClInclude>
    <ClInclude Include="..\Public\Window_MapTool.h">
      <Filter>01.Levels\02.Tool\Imgui\Windows\MapToolWindow</Filter>
    </ClInclude>
    <ClInclude Include="..\Public\Include_Imgui_Windows.h">
      <Filter>01.Levels\02.Tool\Imgui\Windows</Filter>
    </ClInclude>
    <ClInclude Include="Resource.h">
      <Filter>98.Default\Useless</Filter>
    </ClInclude>
    <ClInclude Include="stdafx.h">
      <Filter>98.Default\Useless</Filter>
    </ClInclude>
    <ClInclude Include="targetver.h">
      <Filter>98.Default\Useless</Filter>
    </ClInclude>
    <ClInclude Include="..\Public\Interact_Chain.h">
      <Filter>02.GameObjects\01. Interact\0. Chain</Filter>
    </ClInclude>
    <ClInclude Include="..\Public\Window_AnimTool.h">
      <Filter>01.Levels\02.Tool\Imgui\Windows\AnimationWindow</Filter>
    </ClInclude>
    <ClInclude Include="..\..\Reference\Imgui\ImGuiFileDialog\ImGuiFileDialog.h">
      <Filter>01.Levels\02.Tool\Imgui\ImGuiFileDialog</Filter>
    </ClInclude>
    <ClInclude Include="..\..\Reference\Imgui\ImGuiFileDialog\ImGuiFileDialogConfig.h">
      <Filter>01.Levels\02.Tool\Imgui\ImGuiFileDialog</Filter>
    </ClInclude>
    <ClInclude Include="..\Public\PreviewAnimationModel.h">
      <Filter>01.Levels\02.Tool\Imgui\Windows\AnimationWindow\PreviewAnimationModel</Filter>
    </ClInclude>
    <ClInclude Include="..\..\Reference\Imgui\ImGuizmo\ImGradient.h">
      <Filter>01.Levels\02.Tool\Imgui\ImGuizmo</Filter>
    </ClInclude>
    <ClInclude Include="..\..\Reference\Imgui\ImGuizmo\ImGuizmo.h">
      <Filter>01.Levels\02.Tool\Imgui\ImGuizmo</Filter>
    </ClInclude>
    <ClInclude Include="..\..\Reference\Imgui\ImGuizmo\ImSequencer.h">
      <Filter>01.Levels\02.Tool\Imgui\ImGuizmo</Filter>
    </ClInclude>
    <ClInclude Include="..\..\Reference\Imgui\ImGuizmo\ImZoomSlider.h">
      <Filter>01.Levels\02.Tool\Imgui\ImGuizmo</Filter>
    </ClInclude>
    <ClInclude Include="..\..\Reference\Imgui\ImGuizmo\GraphEditor.h">
      <Filter>01.Levels\02.Tool\Imgui\ImGuizmo</Filter>
    </ClInclude>
    <ClInclude Include="..\..\Reference\Imgui\ImGuizmo\ImCurveEdit.h">
      <Filter>01.Levels\02.Tool\Imgui\ImGuizmo</Filter>
    </ClInclude>
    <ClInclude Include="..\Public\CustomDialogFont.h">
      <Filter>99.Defines</Filter>
    </ClInclude>
  </ItemGroup>
  <ItemGroup>
    <Filter Include="01.Levels\02.Tool\Imgui\Windows\EffectToolWindow">
      <UniqueIdentifier>{bdf9a6e6-179a-44e0-a993-be1ba828fec8}</UniqueIdentifier>
    </Filter>
  </ItemGroup>
  <ItemGroup>
    <ClInclude Include="Client.h">
      <Filter>98.Default</Filter>
    </ClInclude>
    <ClInclude Include="Resource.h">
      <Filter>98.Default</Filter>
    </ClInclude>
    <ClInclude Include="stdafx.h">
      <Filter>98.Default</Filter>
    </ClInclude>
    <ClInclude Include="targetver.h">
      <Filter>98.Default</Filter>
    </ClInclude>
    <ClInclude Include="..\Public\Client_Defines.h">
      <Filter>99.Defines</Filter>
    </ClInclude>
    <ClInclude Include="..\public\MainApp.h">
      <Filter>00.MainApp</Filter>
    </ClInclude>
    <ClInclude Include="..\public\Level_Logo.h">
      <Filter>01.Levels\00.Logo</Filter>
    </ClInclude>
    <ClInclude Include="..\Public\Level_GamePlay.h">
      <Filter>01.Levels\01.GamePlay</Filter>
    </ClInclude>
    <ClInclude Include="..\Public\Level_Loading.h">
      <Filter>01.Levels\99.Loading</Filter>
    </ClInclude>
    <ClInclude Include="..\public\BackGround.h">
      <Filter>02.GameObjects\BackGround</Filter>
    </ClInclude>
    <ClInclude Include="..\Public\Monster.h">
      <Filter>02.GameObjects\LandObject\Monster</Filter>
    </ClInclude>
    <ClInclude Include="..\Public\ForkLift.h">
      <Filter>02.GameObjects\LandObject\ForkLift</Filter>
    </ClInclude>
    <ClInclude Include="..\public\LandObject.h">
      <Filter>02.GameObjects\LandObject</Filter>
    </ClInclude>
    <ClInclude Include="..\Public\Imgui_Manager.h">
      <Filter>01.Levels\02.Tool\Imgui\Manager</Filter>
    </ClInclude>
    <ClInclude Include="..\..\Reference\Imgui\imconfig.h">
      <Filter>01.Levels\02.Tool\Imgui\Default</Filter>
    </ClInclude>
    <ClInclude Include="..\..\Reference\Imgui\imgui.h">
      <Filter>01.Levels\02.Tool\Imgui\Default</Filter>
    </ClInclude>
    <ClInclude Include="..\..\Reference\Imgui\imgui_impl_dx11.h">
      <Filter>01.Levels\02.Tool\Imgui\Default</Filter>
    </ClInclude>
    <ClInclude Include="..\..\Reference\Imgui\imgui_impl_win32.h">
      <Filter>01.Levels\02.Tool\Imgui\Default</Filter>
    </ClInclude>
    <ClInclude Include="..\..\Reference\Imgui\imgui_internal.h">
      <Filter>01.Levels\02.Tool\Imgui\Default</Filter>
    </ClInclude>
    <ClInclude Include="..\..\Reference\Imgui\imstb_rectpack.h">
      <Filter>01.Levels\02.Tool\Imgui\Default</Filter>
    </ClInclude>
    <ClInclude Include="..\..\Reference\Imgui\imstb_textedit.h">
      <Filter>01.Levels\02.Tool\Imgui\Default</Filter>
    </ClInclude>
    <ClInclude Include="..\..\Reference\Imgui\imstb_truetype.h">
      <Filter>01.Levels\02.Tool\Imgui\Default</Filter>
    </ClInclude>
    <ClInclude Include="..\Public\Level_Tool.h">
      <Filter>01.Levels\02.Tool</Filter>
    </ClInclude>
    <ClInclude Include="..\public\Imgui_Window.h">
      <Filter>01.Levels\02.Tool\Imgui</Filter>
    </ClInclude>
    <ClInclude Include="..\Public\Window_MapTool.h">
      <Filter>01.Levels\02.Tool\Imgui\Windows\MapToolWindow</Filter>
    </ClInclude>
    <ClInclude Include="..\Public\Include_Imgui_Windows.h">
      <Filter>01.Levels\02.Tool\Imgui\Windows</Filter>
    </ClInclude>
    <ClInclude Include="..\Public\Window_EffectTool.h">
      <Filter>01.Levels\02.Tool\Imgui\Windows\EffectToolWindow</Filter>
    </ClInclude>
    <ClInclude Include="..\Public\Effect_Object.h">
      <Filter>02.GameObjects\03. Effect</Filter>
    </ClInclude>
    <ClInclude Include="..\Public\Window_UITool.h">
      <Filter>01.Levels\02.Tool\Imgui\Windows\UIToolWindow</Filter>
    </ClInclude>
    <ClInclude Include="..\Public\UI_MonsterHp.h">
      <Filter>02.GameObjects\UI\01. Monster\00. Hp\Hp</Filter>
    </ClInclude>
    <ClInclude Include="..\Public\UI_MonsterHpFrame.h">
      <Filter>02.GameObjects\UI\01. Monster\00. Hp\Frame</Filter>
    </ClInclude>
    <ClInclude Include="..\Public\UI_Anything.h">
      <Filter>02.GameObjects\UI\99. Anything</Filter>
    </ClInclude>
    <ClInclude Include="..\Public\stb_image.h">
      <Filter>01.Levels\02.Tool\Imgui\Windows\UIToolWindow</Filter>
    </ClInclude>
  </ItemGroup>
  <ItemGroup>
    <ClCompile Include="Client.cpp">
      <Filter>98.Default</Filter>
    </ClCompile>
    <ClCompile Include="..\private\MainApp.cpp">
      <Filter>00.MainApp</Filter>
    </ClCompile>
    <ClCompile Include="..\private\Level_Logo.cpp">
      <Filter>01.Levels\00.Logo</Filter>
    </ClCompile>
    <ClCompile Include="..\Private\Level_GamePlay.cpp">
      <Filter>01.Levels\01.GamePlay</Filter>
    </ClCompile>
    <ClCompile Include="..\Private\Level_Loading.cpp">
      <Filter>01.Levels\99.Loading</Filter>
    </ClCompile>
    <ClCompile Include="..\private\Loader.cpp">
      <Filter>01.Levels\98. Loader</Filter>
    </ClCompile>
    <ClCompile Include="..\private\BackGround.cpp">
      <Filter>02.GameObjects\BackGround</Filter>
    </ClCompile>
    <ClCompile Include="..\Private\Terrain.cpp">
      <Filter>02.GameObjects\98. Terrain</Filter>
    </ClCompile>
    <ClCompile Include="..\private\Camera_Dynamic.cpp">
      <Filter>02.GameObjects\97. Camera</Filter>
    </ClCompile>
    <ClCompile Include="..\Private\Monster.cpp">
      <Filter>02.GameObjects\LandObject\Monster</Filter>
    </ClCompile>
    <ClCompile Include="..\Private\ForkLift.cpp">
      <Filter>02.GameObjects\LandObject\ForkLift</Filter>
    </ClCompile>
    <ClCompile Include="..\Private\Player.cpp">
      <Filter>02.GameObjects\00. Character\Player</Filter>
    </ClCompile>
    <ClCompile Include="..\Private\Sky.cpp">
      <Filter>02.GameObjects\99. Sky</Filter>
    </ClCompile>
    <ClCompile Include="..\Private\Weapon_Player.cpp">
      <Filter>02.GameObjects\00. Character\Player\Parts\Weapon</Filter>
    </ClCompile>
    <ClCompile Include="..\Private\Particle_Blue.cpp">
      <Filter>02.GameObjects\03. Effect\99.Effect_Legacy\Particles\Blue</Filter>
    </ClCompile>
    <ClCompile Include="..\Private\Particle_Red.cpp">
      <Filter>02.GameObjects\03. Effect\99.Effect_Legacy\Particles\Red</Filter>
    </ClCompile>
    <ClCompile Include="..\private\LandObject.cpp">
      <Filter>02.GameObjects\LandObject</Filter>
    </ClCompile>
    <ClCompile Include="..\Private\Effect_Explosion.cpp">
      <Filter>02.GameObjects\03. Effect\99.Effect_Legacy\Explosion</Filter>
    </ClCompile>
    <ClCompile Include="..\Private\Imgui_Manager.cpp">
      <Filter>01.Levels\02.Tool\Imgui\Manager</Filter>
    </ClCompile>
    <ClCompile Include="..\..\Reference\Imgui\imgui_demo.cpp">
      <Filter>01.Levels\02.Tool\Imgui\Default</Filter>
    </ClCompile>
    <ClCompile Include="..\..\Reference\Imgui\imgui_draw.cpp">
      <Filter>01.Levels\02.Tool\Imgui\Default</Filter>
    </ClCompile>
    <ClCompile Include="..\..\Reference\Imgui\imgui_impl_dx11.cpp">
      <Filter>01.Levels\02.Tool\Imgui\Default</Filter>
    </ClCompile>
    <ClCompile Include="..\..\Reference\Imgui\imgui_impl_win32.cpp">
      <Filter>01.Levels\02.Tool\Imgui\Default</Filter>
    </ClCompile>
    <ClCompile Include="..\..\Reference\Imgui\imgui_tables.cpp">
      <Filter>01.Levels\02.Tool\Imgui\Default</Filter>
    </ClCompile>
    <ClCompile Include="..\..\Reference\Imgui\imgui_widgets.cpp">
      <Filter>01.Levels\02.Tool\Imgui\Default</Filter>
    </ClCompile>
    <ClCompile Include="..\Private\Level_Tool.cpp">
      <Filter>01.Levels\02.Tool</Filter>
    </ClCompile>
    <ClCompile Include="..\Private\Imgui_Window.cpp">
      <Filter>01.Levels\02.Tool\Imgui</Filter>
    </ClCompile>
    <ClCompile Include="..\Private\Window_MapTool.cpp">
      <Filter>01.Levels\02.Tool\Imgui\Windows\MapToolWindow</Filter>
    </ClCompile>
    <ClCompile Include="..\Private\Environment_Instance.cpp">
      <Filter>02.GameObjects\02. Environment\Environment_Instance</Filter>
    </ClCompile>
    <ClCompile Include="..\Private\Effect_Instance.cpp">
      <Filter>02.GameObjects\03. Effect\01.Effect_Instance</Filter>
    </ClCompile>
    <ClCompile Include="..\..\Reference\Imgui\imgui.cpp">
      <Filter>01.Levels\02.Tool\Imgui\Default</Filter>
    </ClCompile>
    <ClCompile Include="stdafx.cpp">
      <Filter>98.Default\Useless</Filter>
    </ClCompile>
    <ClCompile Include="..\Private\Interact_Door.cpp">
      <Filter>02.GameObjects\01. Interact\1. Door</Filter>
    </ClCompile>
    <ClCompile Include="..\Private\Interact_Chain.cpp">
      <Filter>02.GameObjects\01. Interact\0. Chain</Filter>
    </ClCompile>
    <ClCompile Include="..\Private\SkyDome.cpp">
      <Filter>02.GameObjects\99. Sky</Filter>
    </ClCompile>
    <ClCompile Include="..\Private\Window_AnimTool.cpp">
      <Filter>01.Levels\02.Tool\Imgui\Windows\AnimationWindow</Filter>
    </ClCompile>
    <ClCompile Include="..\..\Reference\Imgui\ImGuiFileDialog\ImGuiFileDialog.cpp">
      <Filter>01.Levels\02.Tool\Imgui\ImGuiFileDialog</Filter>
    </ClCompile>
    <ClCompile Include="..\Private\PreviewAnimationModel.cpp">
      <Filter>01.Levels\02.Tool\Imgui\Windows\AnimationWindow\PreviewAnimationModel</Filter>
    </ClCompile>
    <ClCompile Include="..\Private\Window_EffectTool.cpp">
      <Filter>01.Levels\02.Tool\Imgui\Windows\EffectToolWindow</Filter>
    </ClCompile>
    <ClCompile Include="..\Private\Effect_Object.cpp">
      <Filter>02.GameObjects\03. Effect</Filter>
    </ClCompile>
    <ClCompile Include="..\Private\CustomDialogFont.cpp">
      <Filter>99.Defines</Filter>
    </ClCompile>
    <ClCompile Include="..\Private\Window_UITool.cpp">
      <Filter>01.Levels\02.Tool\Imgui\Windows\UIToolWindow</Filter>
    </ClCompile>
    <ClCompile Include="..\Private\UI_MonsterHp.cpp">
      <Filter>02.GameObjects\UI\01. Monster\00. Hp\Hp</Filter>
    </ClCompile>
    <ClCompile Include="..\Private\UI_MonsterHpFrame.cpp">
      <Filter>02.GameObjects\UI\01. Monster\00. Hp\Frame</Filter>
    </ClCompile>
    <ClCompile Include="..\Private\UI_Anything.cpp">
      <Filter>02.GameObjects\UI\99. Anything</Filter>
    </ClCompile>
    <ClCompile Include="..\Private\Environment_Object.cpp">
      <Filter>02.GameObjects\02. Environment</Filter>
    </ClCompile>
    <ClCompile Include="..\Private\Particle_Custom.cpp">
      <Filter>02.GameObjects\03. Effect\02.Effect_Particle</Filter>
    </ClCompile>
    <ClCompile Include="..\Private\Body_Player.cpp">
      <Filter>02.GameObjects\00. Character\Player\Parts\Body</Filter>
    </ClCompile>
    <ClCompile Include="..\..\Reference\Imgui\imNeoSequencer\imgui_neo_internal.cpp">
      <Filter>01.Levels\02.Tool\Imgui\imNeoSequencer</Filter>
    </ClCompile>
    <ClCompile Include="..\..\Reference\Imgui\imNeoSequencer\imgui_neo_sequencer.cpp">
      <Filter>01.Levels\02.Tool\Imgui\imNeoSequencer</Filter>
    </ClCompile>
  </ItemGroup>
  <ItemGroup>
    <Image Include="Client.ico">
      <Filter>98.Default\Useless</Filter>
    </Image>
    <Image Include="small.ico">
      <Filter>98.Default\Useless</Filter>
    </Image>
  </ItemGroup>
  <ItemGroup>
    <FxCompile Include="..\Bin\ShaderFiles\Shader_VtxNorTex.hlsl">
      <Filter>97.ShaderFiles</Filter>
    </FxCompile>
    <FxCompile Include="..\Bin\ShaderFiles\Shader_VtxPosTex.hlsl">
      <Filter>97.ShaderFiles</Filter>
    </FxCompile>
    <FxCompile Include="..\Bin\ShaderFiles\Shader_Model.hlsl">
      <Filter>97.ShaderFiles</Filter>
    </FxCompile>
    <FxCompile Include="..\Bin\ShaderFiles\Shader_AnimModel.hlsl">
      <Filter>97.ShaderFiles</Filter>
    </FxCompile>
    <FxCompile Include="..\Bin\ShaderFiles\Shader_VtxCube.hlsl">
      <Filter>97.ShaderFiles</Filter>
    </FxCompile>
    <FxCompile Include="..\Bin\ShaderFiles\Shader_Particle_Rect.hlsl">
      <Filter>97.ShaderFiles</Filter>
    </FxCompile>
    <FxCompile Include="..\Bin\ShaderFiles\Shader_Particle_Point.hlsl">
      <Filter>97.ShaderFiles</Filter>
    </FxCompile>
    <FxCompile Include="..\Bin\ShaderFiles\Shader_VtxModelInstance.hlsl">
      <Filter>97.ShaderFiles</Filter>
    </FxCompile>
    <FxCompile Include="..\Bin\ShaderFiles\Shader_VtxEffectModelInstance.hlsl">
      <Filter>97.ShaderFiles</Filter>
    </FxCompile>
  </ItemGroup>
  <ItemGroup>
    <ResourceCompile Include="Client.rc">
      <Filter>98.Default\Useless</Filter>
    </ResourceCompile>
  </ItemGroup>
  <ItemGroup>
    <Text Include="ReadMe.txt">
      <Filter>98.Default\Useless</Filter>
    </Text>
    <FxCompile Include="..\Bin\ShaderFiles\Shader_UI.hlsl">
      <Filter>97.ShaderFiles</Filter>
    </FxCompile>
  </ItemGroup>
</Project>